
Microsoft Visual Studio Solution File, Format Version 12.00
Project("{FAE04EC0-301F-11D3-BF4B-00C04F79EFBC}") = "Guesser and Checker", "Guesser and Checker.csproj", "{1866B8C3-4350-4238-9970-1CD3E30922EA}"
EndProject
Global
	GlobalSection(SolutionConfigurationPlatforms) = preSolution
		Debug|Any CPU = Debug|Any CPU
		Release|Any CPU = Release|Any CPU
	EndGlobalSection
	GlobalSection(ProjectConfigurationPlatforms) = postSolution
		{1866B8C3-4350-4238-9970-1CD3E30922EA}.Debug|Any CPU.ActiveCfg = Debug|Any CPU
		{1866B8C3-4350-4238-9970-1CD3E30922EA}.Debug|Any CPU.Build.0 = Debug|Any CPU
		{1866B8C3-4350-4238-9970-1CD3E30922EA}.Release|Any CPU.ActiveCfg = Release|Any CPU
		{1866B8C3-4350-4238-9970-1CD3E30922EA}.Release|Any CPU.Build.0 = Release|Any CPU
	EndGlobalSection
EndGlobal
